
Microsoft Visual Studio Solution File, Format Version 12.00
# Visual Studio Version 17
VisualStudioVersion = 17.14.36511.14 d17.14
MinimumVisualStudioVersion = 10.0.40219.1
Project("{FAE04EC0-301F-11D3-BF4B-00C04F79EFBC}") = "ejercicio_integral", "ejercicio_integral\ejercicio_integral.csproj", "{90B672A8-51C4-4DC1-824D-8E6FB8C91D5C}"
EndProject
Global
	GlobalSection(SolutionConfigurationPlatforms) = preSolution
		Debug|Any CPU = Debug|Any CPU
		Release|Any CPU = Release|Any CPU
	EndGlobalSection
	GlobalSection(ProjectConfigurationPlatforms) = postSolution
		{90B672A8-51C4-4DC1-824D-8E6FB8C91D5C}.Debug|Any CPU.ActiveCfg = Debug|Any CPU
		{90B672A8-51C4-4DC1-824D-8E6FB8C91D5C}.Debug|Any CPU.Build.0 = Debug|Any CPU
		{90B672A8-51C4-4DC1-824D-8E6FB8C91D5C}.Release|Any CPU.ActiveCfg = Release|Any CPU
		{90B672A8-51C4-4DC1-824D-8E6FB8C91D5C}.Release|Any CPU.Build.0 = Release|Any CPU
	EndGlobalSection
	GlobalSection(SolutionProperties) = preSolution
		HideSolutionNode = FALSE
	EndGlobalSection
	GlobalSection(ExtensibilityGlobals) = postSolution
		SolutionGuid = {2C711E96-C107-4DF8-9051-90B907CE1EE5}
	EndGlobalSection
EndGlobal
